# THIS IS AN AUTOGENERATED FILE. DO NOT EDIT THIS FILE DIRECTLY.
# yarn lockfile v1


"@babel/helper-string-parser@^7.29.7":
  version "7.29.7"
  resolved "https://registry.npmmirror.com/@babel/helper-string-parser/-/helper-string-parser-7.29.7.tgz"
  integrity sha512-Pb5ijPrZ89GDH8223L4UP8i6QApWxs04RbPQJTeWDV0/keR2E36MeKnyr6LYmUUvqRRI+Iv87SuF1W6ErINzYw==

"@babel/helper-validator-identifier@^7.29.7":
  version "7.29.7"
  resolved "https://registry.npmmirror.com/@babel/helper-validator-identifier/-/helper-validator-identifier-7.29.7.tgz"
  integrity sha512-qehxGkRj55h/ff8EMaJ+cYhyaKlHIxqYDn682wQD7RNp9UujOQsHog2uS0r2vzr4pW+sXf90NeeayjcNaX3fFg==

"@babel/parser@^7.29.7":
  version "7.29.7"
  resolved "https://registry.npmmirror.com/@babel/parser/-/parser-7.29.7.tgz"
  integrity sha512-hnORnjP/1P/zFEndoeX+n+t1RwWRJiJpM/jO7FW32Kn9r5+sJB2JWOdYo4L6k78j15eCwY3Gm/7364B1EMwtNg==
  dependencies:
    "@babel/types" "^7.29.7"

"@babel/runtime@^7.17.8":
  version "7.29.7"
  resolved "https://registry.npmmirror.com/@babel/runtime/-/runtime-7.29.7.tgz"
  integrity sha512-Nq8OhGWiZIZGV6hLHoyAKLLcJihP/xFeBMGJoUrxTX2psI8dCifzLhZISFb+VWS3wFMRDmCGw5R+dOySCqPLhw==

"@babel/types@^7.29.7":
  version "7.29.7"
  resolved "https://registry.npmmirror.com/@babel/types/-/types-7.29.7.tgz"
  integrity sha512-4zBIxpPzowiZpusoFkyGVwakdRJUyuH5PxQ/PrqghfdFWWasvnCdPfQXHrenDai+gyLARulZjZowCOj6fjT4pA==
  dependencies:
    "@babel/helper-string-parser" "^7.29.7"
    "@babel/helper-validator-identifier" "^7.29.7"

"@ctrl/tinycolor@^4.2.0":
  version "4.2.0"
  resolved "https://registry.npmmirror.com/@ctrl/tinycolor/-/tinycolor-4.2.0.tgz"
  integrity sha512-kzyuwOAQnXJNLS9PSyrk0CWk35nWJW/zl/6KvnTBMFK65gm7U1/Z5BqjxeapjZCIhQcM/DsrEmcbRwDyXyXK4A==

"@element-plus/icons-vue@^2.3.2":
  version "2.3.2"
  resolved "https://registry.npmmirror.com/@element-plus/icons-vue/-/icons-vue-2.3.2.tgz"
  integrity sha512-OzIuTaIfC8QXEPmJvB4Y4kw34rSXdCJzxcD1kFStBvr8bK6X1zQAYDo0CNMjojnfTqRQCJ0I7prlErcoRiET2A==

"@floating-ui/core@^1.7.5":
  version "1.7.5"
  resolved "https://registry.npmmirror.com/@floating-ui/core/-/core-1.7.5.tgz"
  integrity sha512-1Ih4WTWyw0+lKyFMcBHGbb5U5FtuHJuujoyyr5zTaWS5EYMeT6Jb2AuDeftsCsEuchO+mM2ij5+q9crhydzLhQ==
  dependencies:
    "@floating-ui/utils" "^0.2.11"

"@floating-ui/dom@^1.7.6":
  version "1.7.6"
  resolved "https://registry.npmmirror.com/@floating-ui/dom/-/dom-1.7.6.tgz"
  integrity sha512-9gZSAI5XM36880PPMm//9dfiEngYoC6Am2izES1FF406YFsjvyBMmeJ2g4SAju3xWwtuynNRFL2s9hgxpLI5SQ==
  dependencies:
    "@floating-ui/core" "^1.7.5"
    "@floating-ui/utils" "^0.2.11"

"@floating-ui/utils@^0.2.11":
  version "0.2.11"
  resolved "https://registry.npmmirror.com/@floating-ui/utils/-/utils-0.2.11.tgz"
  integrity sha512-RiB/yIh78pcIxl6lLMG0CgBXAZ2Y0eVHqMPYugu+9U0AeT6YBeiJpf7lbdJNIugFP5SIjwNRgo4DhR1Qxi26Gg==

"@jridgewell/sourcemap-codec@^1.5.5":
  version "1.5.5"
  resolved "https://registry.npmmirror.com/@jridgewell/sourcemap-codec/-/sourcemap-codec-1.5.5.tgz"
  integrity sha512-cYQ9310grqxueWbl+WuIUIaiUaDcj7WOq5fVhEljNVgRfOUhY9fy2zTvfoqWsnebh8Sl70VScFbICvJnLKB0Og==

"@oxc-project/types@=0.133.0":
  version "0.133.0"
  resolved "https://registry.npmmirror.com/@oxc-project/types/-/types-0.133.0.tgz"
  integrity sha512-KzkdCd6Uxqnf6l3HOw1xfatAlUURA0g14cvBYFyJ5SaNOQbOUvBr9PKArcPcrNIeRsBdgcUzOGrhKveVpvOIGA==

"@popperjs/core@npm:@sxzz/popperjs-es@^2.11.8":
  version "2.11.8"
  resolved "https://registry.npmmirror.com/@sxzz/popperjs-es/-/popperjs-es-2.11.8.tgz"
  integrity sha512-wOwESXvvED3S8xBmcPWHs2dUuzrE4XiZeFu7e1hROIJkm02a49N120pmOXxY33sBb6hArItm5W5tcg1cBtV+HQ==

"@rolldown/binding-win32-x64-msvc@1.0.3":
  version "1.0.3"
  resolved "https://registry.npmmirror.com/@rolldown/binding-win32-x64-msvc/-/binding-win32-x64-msvc-1.0.3.tgz"
  integrity sha512-eXB7CHuaQdqmJcc3koCNtNPmT/bj2gc999kUFgBxG8Ac0NdgXc4rkCHhqrgrhN3zddvvvrgzj1e90SuSfmyIXA==

"@rolldown/pluginutils@^1.0.0", "@rolldown/pluginutils@^1.0.1":
  version "1.0.1"
  resolved "https://registry.npmmirror.com/@rolldown/pluginutils/-/pluginutils-1.0.1.tgz"
  integrity sha512-2j9bGt5Jh8hj+vPtgzPtl72j0yRxHAyumoo6TNfAjsLB04UtpSvPbPcDcBMxz7n+9CYB0c1GxQFxYRg2jimqGw==

"@turf/boolean-point-in-polygon@^7.2":
  version "7.4.0"
  resolved "https://registry.npmmirror.com/@turf/boolean-point-in-polygon/-/boolean-point-in-polygon-7.4.0.tgz"
  integrity sha512-GQrHc6WSDHhf32GB/b9AGyOeC05AQ3nGN7ooWTrlCYefKn7X9/2wG9BNexF47AuyDq5jPdOvITVR26BLFWV+mA==
  dependencies:
    "@turf/helpers" "7.4.0"
    "@turf/invariant" "7.4.0"
    "@types/geojson" "^7946.0.10"
    point-in-polygon-hao "^1.1.0"
    tslib "^2.8.1"

"@turf/helpers@7.4.0":
  version "7.4.0"
  resolved "https://registry.npmmirror.com/@turf/helpers/-/helpers-7.4.0.tgz"
  integrity sha512-7PAwLZqOdRzTI5g9bHvUwlloAXPDH/mlajtryk0tw4ZwGMtmXsAyF4QundsAMfy4u48Fyd3AUqMXY0SMxqJGWg==
  dependencies:
    "@types/geojson" "^7946.0.10"
    tslib "^2.8.1"

"@turf/invariant@7.4.0":
  version "7.4.0"
  resolved "https://registry.npmmirror.com/@turf/invariant/-/invariant-7.4.0.tgz"
  integrity sha512-OAsc3qdNx+tRqzWmMNFMnVlWWACIqnYqIejZKvb2oKkKPYJJrURPXZ6OdrGD58ljJMolLoqwIZGSx3VndaEjxg==
  dependencies:
    "@turf/helpers" "7.4.0"
    "@types/geojson" "^7946.0.10"
    tslib "^2.8.1"

"@tweenjs/tween.js@18 - 25":
  version "25.0.0"
  resolved "https://registry.npmmirror.com/@tweenjs/tween.js/-/tween.js-25.0.0.tgz"
  integrity sha512-XKLA6syeBUaPzx4j3qwMqzzq+V4uo72BnlbOjmuljLrRqdsd3qnzvZZoxvMHZ23ndsRS4aufU6JOZYpCbU6T1A==

"@types/geojson@^7946.0.10":
  version "7946.0.16"
  resolved "https://registry.npmmirror.com/@types/geojson/-/geojson-7946.0.16.tgz"
  integrity sha512-6C8nqWur3j98U6+lXDfTUWIfgvZU+EumvpHKcYjujKH7woYyLj2sUmff0tRhrqM7BohUw7Pz3ZB1jj2gW9Fvmg==

"@types/lodash-es@*", "@types/lodash-es@^4.17.12":
  version "4.17.12"
  resolved "https://registry.npmmirror.com/@types/lodash-es/-/lodash-es-4.17.12.tgz"
  integrity sha512-0NgftHUcV4v34VhXm8QBSftKVXtbkBG3ViCjs6+eJ5a6y6Mi/jiFGPc1sC7QK+9BFhWrURE3EOggmWaSxL9OzQ==
  dependencies:
    "@types/lodash" "*"

"@types/lodash@*", "@types/lodash@^4.17.24":
  version "4.17.24"
  resolved "https://registry.npmmirror.com/@types/lodash/-/lodash-4.17.24.tgz"
  integrity sha512-gIW7lQLZbue7lRSWEFql49QJJWThrTFFeIMJdp3eH4tKoxm1OvEPg02rm4wCCSHS0cL3/Fizimb35b7k8atwsQ==

"@types/web-bluetooth@^0.0.21":
  version "0.0.21"
  resolved "https://registry.npmmirror.com/@types/web-bluetooth/-/web-bluetooth-0.0.21.tgz"
  integrity sha512-oIQLCGWtcFZy2JW77j9k8nHzAOpqMHLQejDA48XXMWH6tjCQHz5RCFz1bzsmROyL6PUm+LLnUiI4BCn221inxA==

"@vitejs/plugin-vue@^6.0.6":
  version "6.0.7"
  resolved "https://registry.npmmirror.com/@vitejs/plugin-vue/-/plugin-vue-6.0.7.tgz"
  integrity sha512-km+p+XdSz9Sxm5rqUbqcSfZYaAniKxWBj1KURl+Jr7UaPvvX7BmaWMdP69I5rrFDeQGyxAG7NXdc57vz+snhWg==
  dependencies:
    "@rolldown/pluginutils" "^1.0.1"

"@vue/compiler-core@3.5.38":
  version "3.5.38"
  resolved "https://registry.npmmirror.com/@vue/compiler-core/-/compiler-core-3.5.38.tgz"
  integrity sha512-s99aGxWYig9ErHbct27KXEGhrBYlRI6c4MwAgXErOAbX9xiW37/uMa+XUDO69zLz83dng8UUZ70CTOJrLrYrEQ==
  dependencies:
    "@babel/parser" "^7.29.7"
    "@vue/shared" "3.5.38"
    entities "^7.0.1"
    estree-walker "^2.0.2"
    source-map-js "^1.2.1"

"@vue/compiler-dom@3.5.38":
  version "3.5.38"
  resolved "https://registry.npmmirror.com/@vue/compiler-dom/-/compiler-dom-3.5.38.tgz"
  integrity sha512-JTqp25l8aFfJYF7/KmsXZjAxJz7T+SjmTJLoXVjHtc2BrSgSiW2n9Aem/cWq1OPe68A8JL06B3eVdhlP0H4TVw==
  dependencies:
    "@vue/compiler-core" "3.5.38"
    "@vue/shared" "3.5.38"

"@vue/compiler-sfc@3.5.38":
  version "3.5.38"
  resolved "https://registry.npmmirror.com/@vue/compiler-sfc/-/compiler-sfc-3.5.38.tgz"
  integrity sha512-DuA2GiZawSEW442iw/9+Fkol8hTgb4Ke5KkhmSry65QA7YuyMbIdy8p0XZRMvNwJdgRz307W8g1CSzdvS4nuNg==
  dependencies:
    "@babel/parser" "^7.29.7"
    "@vue/compiler-core" "3.5.38"
    "@vue/compiler-dom" "3.5.38"
    "@vue/compiler-ssr" "3.5.38"
    "@vue/shared" "3.5.38"
    estree-walker "^2.0.2"
    magic-string "^0.30.21"
    postcss "^8.5.15"
    source-map-js "^1.2.1"

"@vue/compiler-ssr@3.5.38":
  version "3.5.38"
  resolved "https://registry.npmmirror.com/@vue/compiler-ssr/-/compiler-ssr-3.5.38.tgz"
  integrity sha512-7s+W5Gc42FGxZMcuwl8H5B29T8BJPMdBT7KHFE+BbAuZ/iTEdTtv7z2XiMjiaUUw4w3ZcCEdHs36RuYJ2VA7bA==
  dependencies:
    "@vue/compiler-dom" "3.5.38"
    "@vue/shared" "3.5.38"

"@vue/devtools-api@^6.6.4":
  version "6.6.4"
  resolved "https://registry.npmmirror.com/@vue/devtools-api/-/devtools-api-6.6.4.tgz"
  integrity sha512-sGhTPMuXqZ1rVOk32RylztWkfXTRhuS7vgAKv0zjqk8gbsHkJ7xfFf+jbySxt7tWObEJwyKaHMikV/WGDiQm8g==

"@vue/devtools-api@^7.7.7":
  version "7.7.10"
  resolved "https://registry.npmmirror.com/@vue/devtools-api/-/devtools-api-7.7.10.tgz"
  integrity sha512-KxtEpUOOpFz/qOGRrAwA36QF7DqIA+FXgCYit9mk9wjbaZt0sXOFz81ElOZtKA4HbWHUdwNjZHBFsFFyp5BZiA==
  dependencies:
    "@vue/devtools-kit" "^7.7.10"

"@vue/devtools-kit@^7.7.10":
  version "7.7.10"
  resolved "https://registry.npmmirror.com/@vue/devtools-kit/-/devtools-kit-7.7.10.tgz"
  integrity sha512-3WNi2Kq4tbpVbmhml7RiphmAt0279oh3fKNeWMQIrltfX8Q91b4i5PL8DtyNKdwmcsGrV4fg+erwWOmD05CLIw==
  dependencies:
    "@vue/devtools-shared" "^7.7.10"
    birpc "^2.3.0"
    hookable "^5.5.3"
    mitt "^3.0.1"
    perfect-debounce "^1.0.0"
    speakingurl "^14.0.1"
    superjson "^2.2.2"

"@vue/devtools-shared@^7.7.10":
  version "7.7.10"
  resolved "https://registry.npmmirror.com/@vue/devtools-shared/-/devtools-shared-7.7.10.tgz"
  integrity sha512-wOPslzB8vTvpxwdaOcR2qAbwmuSP0L+rhpoC6Cf56V3Jip+HWb7PQQXOUPgBNQARpXsbQX/+mvi8kKucmBGRwQ==
  dependencies:
    rfdc "^1.4.1"

"@vue/reactivity@3.5.38":
  version "3.5.38"
  resolved "https://registry.npmmirror.com/@vue/reactivity/-/reactivity-3.5.38.tgz"
  integrity sha512-pG6LV/NDNRbKizcUjFFLAfjaL8mcv4DmR9avNcUw2gDHBzZneuS2TWCmp633ynzxz9YYKNeEPK2I8Wraqy2HUQ==
  dependencies:
    "@vue/shared" "3.5.38"

"@vue/runtime-core@3.5.38":
  version "3.5.38"
  resolved "https://registry.npmmirror.com/@vue/runtime-core/-/runtime-core-3.5.38.tgz"
  integrity sha512-iyW8WVfF1CpCXxncZY5Ei6rSd6oZr5DgEom//fUjRBRl56AXPD+s9ATvukRt77ZFTuYlnVA1bxY+dJB94tWVYw==
  dependencies:
    "@vue/reactivity" "3.5.38"
    "@vue/shared" "3.5.38"

"@vue/runtime-dom@3.5.38":
  version "3.5.38"
  resolved "https://registry.npmmirror.com/@vue/runtime-dom/-/runtime-dom-3.5.38.tgz"
  integrity sha512-apX2wt9sdfDshS+a2xueFZLVpt0GkRJZSoPmrW/SA4yzXTznhfcMVW59gr7h4YQeY0vJhdJkk2rsIDwgfFgC5A==
  dependencies:
    "@vue/reactivity" "3.5.38"
    "@vue/runtime-core" "3.5.38"
    "@vue/shared" "3.5.38"
    csstype "^3.2.3"

"@vue/server-renderer@3.5.38":
  version "3.5.38"
  resolved "https://registry.npmmirror.com/@vue/server-renderer/-/server-renderer-3.5.38.tgz"
  integrity sha512-vue8vbf2QlV4quHqzwmJy6dWfmRhP1J8l4wtZg60CL6VoKqcPY2oe7may3+1d9qfpedjK5PRLFqd5k3Isj9mUw==
  dependencies:
    "@vue/compiler-ssr" "3.5.38"
    "@vue/shared" "3.5.38"

"@vue/shared@3.5.38":
  version "3.5.38"
  resolved "https://registry.npmmirror.com/@vue/shared/-/shared-3.5.38.tgz"
  integrity sha512-FTW0AFZNaK5/mOqvGBwVfUlNLU38TiQn4+DQgIFUnrBBJQ1crMJ82yeGQLV5jyKFsO8yRukpbuP7x+nRbH6aug==

"@vueuse/core@14.3.0":
  version "14.3.0"
  resolved "https://registry.npmmirror.com/@vueuse/core/-/core-14.3.0.tgz"
  integrity sha512-aHfz47g0ZhMtTVHmIzMVpJy8ePhhOy68GY5bv110+5DVtZ+W7BsOx+m61UNQqfrWyPztIHIanWa3E2tib3NFIw==
  dependencies:
    "@types/web-bluetooth" "^0.0.21"
    "@vueuse/metadata" "14.3.0"
    "@vueuse/shared" "14.3.0"

"@vueuse/metadata@14.3.0":
  version "14.3.0"
  resolved "https://registry.npmmirror.com/@vueuse/metadata/-/metadata-14.3.0.tgz"
  integrity sha512-BwxmbAzwAVF50+MW57GXOUEV61nFBGnlBvrTqj49PqWJu3uw7hdu72ztXeZ33RdZtDY6kO+bfCAE1PCn88Tktw==

"@vueuse/shared@14.3.0":
  version "14.3.0"
  resolved "https://registry.npmmirror.com/@vueuse/shared/-/shared-14.3.0.tgz"
  integrity sha512-bZpge9eSXwa4ToSiqJ7j6KRwhAsneMFoSz3LMWKQDkqimm3D/tbFlrklrs/IOqC8tEcYmXQZJ6N0UrjhBirVCg==

accessor-fn@1:
  version "1.5.3"
  resolved "https://registry.npmmirror.com/accessor-fn/-/accessor-fn-1.5.3.tgz"
  integrity sha512-rkAofCwe/FvYFUlMB0v0gWmhqtfAtV1IUkdPbfhTUyYniu5LrC0A0UJkTH0Jv3S8SvwkmfuAlY+mQIJATdocMA==

async-validator@^4.2.5:
  version "4.2.5"
  resolved "https://registry.npmmirror.com/async-validator/-/async-validator-4.2.5.tgz"
  integrity sha512-7HhHjtERjqlNbZtqNqy2rckN/SpOOlmDliet+lP7k+eKZEjPk3DgyeU9lIXLdeLz0uBbbVp+9Qdow9wJWgwwfg==

base64-arraybuffer@^1.0.2:
  version "1.0.2"
  resolved "https://registry.npmmirror.com/base64-arraybuffer/-/base64-arraybuffer-1.0.2.tgz"
  integrity sha512-I3yl4r9QB5ZRY3XuJVEPfc2XhZO6YweFPI+UovAzn+8/hb3oJ6lnysaFcjVpkCPfVWFUDvoZ8kmVDP7WyRtYtQ==

birpc@^2.3.0:
  version "2.9.0"
  resolved "https://registry.npmmirror.com/birpc/-/birpc-2.9.0.tgz"
  integrity sha512-KrayHS5pBi69Xi9JmvoqrIgYGDkD6mcSe/i6YKi3w5kekCLzrX4+nawcXqrj2tIp50Kw/mT/s3p+GVK0A0sKxw==

copy-anything@^4:
  version "4.0.5"
  resolved "https://registry.npmmirror.com/copy-anything/-/copy-anything-4.0.5.tgz"
  integrity sha512-7Vv6asjS4gMOuILabD3l739tsaxFQmC+a7pLZm02zyvs8p977bL3zEgq3yDk5rn9B0PbYgIv++jmHcuUab4RhA==
  dependencies:
    is-what "^5.2.0"

css-line-break@^2.1.0:
  version "2.1.0"
  resolved "https://registry.npmmirror.com/css-line-break/-/css-line-break-2.1.0.tgz"
  integrity sha512-FHcKFCZcAha3LwfVBhCQbW2nCNbkZXn7KVUJcsT5/P8YmfsVja0FMPJr0B903j/E69HUphKiV9iQArX8SDYA4w==
  dependencies:
    utrie "^1.0.2"

csstype@^3.2.3:
  version "3.2.3"
  resolved "https://registry.npmmirror.com/csstype/-/csstype-3.2.3.tgz"
  integrity sha512-z1HGKcYy2xA8AGQfwrn0PAy+PB7X/GSj3UVJW9qKyn43xWa+gl5nXmU4qqLMRzWVLFC8KusUX8T/0kCiOYpAIQ==

"d3-array@1 - 3", "d3-array@2 - 3", "d3-array@2.10.0 - 3", "d3-array@2.5.0 - 3", d3-array@3:
  version "3.2.4"
  resolved "https://registry.npmmirror.com/d3-array/-/d3-array-3.2.4.tgz"
  integrity sha512-tdQAmyA18i4J7wprpYq8ClcxZy3SC31QMeByyCFyRt7BVHdREQZ5lpzoe5mFEYZUWe+oq8HBvk9JjpibyEV4Jg==
  dependencies:
    internmap "1 - 2"

"d3-color@1 - 3", d3-color@3:
  version "3.1.0"
  resolved "https://registry.npmmirror.com/d3-color/-/d3-color-3.1.0.tgz"
  integrity sha512-zg/chbXyeBtMQ1LbD/WSoW2DpC3I0mpmPdW+ynRTj/x2DAWYrIY7qeZIHidozwV24m4iavr15lNwIwLxRmOxhA==

d3-delaunay@6:
  version "6.0.4"
  resolved "https://registry.npmmirror.com/d3-delaunay/-/d3-delaunay-6.0.4.tgz"
  integrity sha512-mdjtIZ1XLAM8bm/hx3WwjfHt6Sggek7qH043O8KEjDXN40xi3vx/6pYSVTwLjEgiXQTbvaouWKynLBiUZ6SK6A==
  dependencies:
    delaunator "5"

"d3-format@1 - 3":
  version "3.1.2"
  resolved "https://registry.npmmirror.com/d3-format/-/d3-format-3.1.2.tgz"
  integrity sha512-AJDdYOdnyRDV5b6ArilzCPPwc1ejkHcoyFarqlPqT7zRYjhavcT3uSrqcMvsgh2CgoPbK3RCwyHaVyxYcP2Arg==

d3-geo-voronoi@2:
  version "2.1.0"
  resolved "https://registry.npmmirror.com/d3-geo-voronoi/-/d3-geo-voronoi-2.1.0.tgz"
  integrity sha512-kqE4yYuOjPbKdBXG0xztCacPwkVSK2REF1opSNrnqqtXJmNcM++UbwQ8SxvwP6IQTj9RvIjjK4qeiVsEfj0Z2Q==
  dependencies:
    d3-array "3"
    d3-delaunay "6"
    d3-geo "3"
    d3-tricontour "1"

"d3-geo@1 - 3", d3-geo@3:
  version "3.1.1"
  resolved "https://registry.npmmirror.com/d3-geo/-/d3-geo-3.1.1.tgz"
  integrity sha512-637ln3gXKXOwhalDzinUgY83KzNWZRKbYubaG+fGVuc/dxO64RRljtCTnf5ecMyE1RIdtqpkVcq0IbtU2S8j2Q==
  dependencies:
    d3-array "2.5.0 - 3"

"d3-interpolate@1 - 3", "d3-interpolate@1.2.0 - 3", d3-interpolate@3:
  version "3.0.1"
  resolved "https://registry.npmmirror.com/d3-interpolate/-/d3-interpolate-3.0.1.tgz"
  integrity sha512-3bYs1rOD33uo8aqJfKP3JWPAibgw8Zm2+L9vBKEHJ2Rg+viTR7o5Mmv5mZcieN+FRYaAOWX5SJATX6k1PWz72g==
  dependencies:
    d3-color "1 - 3"

d3-octree@^1.1:
  version "1.1.0"
  resolved "https://registry.npmmirror.com/d3-octree/-/d3-octree-1.1.0.tgz"
  integrity sha512-F8gPlqpP+HwRPMO/8uOu5wjH110+6q4cgJvgJT6vlpy3BEaDIKlTZrgHKZSp/i1InRpVfh4puY/kvL6MxK930A==

d3-scale-chromatic@3:
  version "3.1.0"
  resolved "https://registry.npmmirror.com/d3-scale-chromatic/-/d3-scale-chromatic-3.1.0.tgz"
  integrity sha512-A3s5PWiZ9YCXFye1o246KoscMWqf8BsD9eRiJ3He7C9OBaxKhAd5TFCdEx/7VbKtxxTsu//1mMJFrEt572cEyQ==
  dependencies:
    d3-color "1 - 3"
    d3-interpolate "1 - 3"

"d3-scale@1 - 4", d3-scale@4:
  version "4.0.2"
  resolved "https://registry.npmmirror.com/d3-scale/-/d3-scale-4.0.2.tgz"
  integrity sha512-GZW464g1SH7ag3Y7hXjf8RoUuAFIqklOAq3MRl4OaWabTFJY9PN/E1YklhXLh+OQ3fM9yS2nOkCoS+WLZ6kvxQ==
  dependencies:
    d3-array "2.10.0 - 3"
    d3-format "1 - 3"
    d3-interpolate "1.2.0 - 3"
    d3-time "2.1.1 - 3"
    d3-time-format "2 - 4"

"d3-selection@2 - 3":
  version "3.0.0"
  resolved "https://registry.npmmirror.com/d3-selection/-/d3-selection-3.0.0.tgz"
  integrity sha512-fmTRWbNMmsmWq6xJV8D19U/gw/bwrHfNXxrIN+HfZgnzqTHp9jOmKMhsTUjXOJnZOdZY9Q28y4yebKzqDKlxlQ==

"d3-time-format@2 - 4":
  version "4.1.0"
  resolved "https://registry.npmmirror.com/d3-time-format/-/d3-time-format-4.1.0.tgz"
  integrity sha512-dJxPBlzC7NugB2PDLwo9Q8JiTR3M3e4/XANkreKSUxF8vvXKqm1Yfq4Q5dl8budlunRVlUUaDUgFt7eA8D6NLg==
  dependencies:
    d3-time "1 - 3"

"d3-time@1 - 3", "d3-time@2.1.1 - 3":
  version "3.1.0"
  resolved "https://registry.npmmirror.com/d3-time/-/d3-time-3.1.0.tgz"
  integrity sha512-VqKjzBLejbSMT4IgbmVgDjpkYrNWUYJnbCGo874u7MMKIWsILRX+OpX/gTk8MqjpT1A/c6HY2dCA77ZN0lkQ2Q==
  dependencies:
    d3-array "2 - 3"

d3-tricontour@1:
  version "1.1.0"
  resolved "https://registry.npmmirror.com/d3-tricontour/-/d3-tricontour-1.1.0.tgz"
  integrity sha512-G7gHKj89n2owmkGb6WX6ixcnQ0Kf/0wpa9VIh9DGdbHu8wdrlaHU4ir3/bFNERl8N8nn4G7e7qbtBG8N9caihQ==
  dependencies:
    d3-delaunay "6"
    d3-scale "4"

data-bind-mapper@1:
  version "1.0.3"
  resolved "https://registry.npmmirror.com/data-bind-mapper/-/data-bind-mapper-1.0.3.tgz"
  integrity sha512-QmU3lyEnbENQPo0M1F9BMu4s6cqNNp8iJA+b/HP2sSb7pf3dxwF3+EP1eO69rwBfH9kFJ1apmzrtogAmVt2/Xw==
  dependencies:
    accessor-fn "1"

dayjs@^1.11.20:
  version "1.11.21"
  resolved "https://registry.npmmirror.com/dayjs/-/dayjs-1.11.21.tgz"
  integrity sha512-98IT+HOahAisibz/yjKbzuOBwYcjJ7BCLPzARyHiyEBmRz4fatF+KPJszEHXsGYjUG234aH/cOjW1wwTbKUZlA==

defu@^6.1.4:
  version "6.1.7"
  resolved "https://registry.npmmirror.com/defu/-/defu-6.1.7.tgz"
  integrity sha512-7z22QmUWiQ/2d0KkdYmANbRUVABpZ9SNYyH5vx6PZ+nE5bcC0l7uFvEfHlyld/HcGBFTL536ClDt3DEcSlEJAQ==

delaunator@5:
  version "5.1.0"
  resolved "https://registry.npmmirror.com/delaunator/-/delaunator-5.1.0.tgz"
  integrity sha512-AGrQ4QSgssa1NGmWmLPqN5NY2KajF5MqxetNEO+o0n3ZwZZeTmt7bBnvzHWrmkZFxGgr4HdyFgelzgi06otLuQ==
  dependencies:
    robust-predicates "^3.0.2"

detect-libc@^2.0.3:
  version "2.1.2"
  resolved "https://registry.npmmirror.com/detect-libc/-/detect-libc-2.1.2.tgz"
  integrity sha512-Btj2BOOO83o3WyH59e8MgXsxEQVcarkUOpEYrubB0urwnN10yQ364rsiByU11nZlqWYZm05i/of7io4mzihBtQ==

earcut@3:
  version "3.2.3"
  resolved "https://registry.npmmirror.com/earcut/-/earcut-3.2.3.tgz"
  integrity sha512-vnS4AVwp1KHAF13i1vp1/2D5evWy3k5u/iW/B81QVsUZtV8cv2tU0b2VNFlqvh4kYwrFMDdjPCfAmfyJW9y14Q==

echarts@^6.0.0, echarts@^6.1.0:
  version "6.1.0"
  resolved "https://registry.npmmirror.com/echarts/-/echarts-6.1.0.tgz"
  integrity sha512-q0yaFPggC9FUdsWH4blavRWFmxdrIodbkoKNAjJudAI6CA9gNPxHtV2RcZNEepZVlk4yvBYkOkbk6HIVpIyHZA==
  dependencies:
    tslib "2.3.0"
    zrender "6.1.0"

element-plus@^2.14.2:
  version "2.14.2"
  resolved "https://registry.npmmirror.com/element-plus/-/element-plus-2.14.2.tgz"
  integrity sha512-eNH9uP3wQoNqieEIHXiNvIVv+zO5sZDU0CAZq5b0zqSN06DD0/V9xIq1R/qm3rw5k3nBTM1JvpxhCfRbaFLzDQ==
  dependencies:
    "@ctrl/tinycolor" "^4.2.0"
    "@element-plus/icons-vue" "^2.3.2"
    "@floating-ui/dom" "^1.7.6"
    "@popperjs/core" "npm:@sxzz/popperjs-es@^2.11.8"
    "@types/lodash" "^4.17.24"
    "@types/lodash-es" "^4.17.12"
    "@vueuse/core" "14.3.0"
    async-validator "^4.2.5"
    dayjs "^1.11.20"
    lodash "^4.18.1"
    lodash-es "^4.18.1"
    lodash-unified "^1.0.3"
    memoize-one "^6.0.0"
    normalize-wheel-es "^1.2.0"
    vue-component-type-helpers "^3.3.3"

entities@^7.0.1:
  version "7.0.1"
  resolved "https://registry.npmmirror.com/entities/-/entities-7.0.1.tgz"
  integrity sha512-TWrgLOFUQTH994YUyl1yT4uyavY5nNB5muff+RtWaqNVCAK408b5ZnnbNAUEWLTCpum9w6arT70i1XdQ4UeOPA==

estree-walker@^2.0.2:
  version "2.0.2"
  resolved "https://registry.npmmirror.com/estree-walker/-/estree-walker-2.0.2.tgz"
  integrity sha512-Rfkk/Mp/DL7JVje3u18FxFujQlTNR2q6QfMSMB7AvCBx91NGj/ba3kCfza0f6dVDbw7YlRf/nDrn7pQrCCyQ/w==

fdir@^6.5.0:
  version "6.5.0"
  resolved "https://registry.npmmirror.com/fdir/-/fdir-6.5.0.tgz"
  integrity sha512-tIbYtZbucOs0BRGqPJkshJUYdL+SDH7dVM8gjy+ERp3WAUjLEFJE+02kanyHtwjWOnwrKYBiwAmM0p4kLJAnXg==

float-tooltip@^1.7:
  version "1.7.5"
  resolved "https://registry.npmmirror.com/float-tooltip/-/float-tooltip-1.7.5.tgz"
  integrity sha512-/kXzuDnnBqyyWyhDMH7+PfP8J/oXiAavGzcRxASOMRHFuReDtofizLLJsf7nnDLAfEaMW4pVWaXrAjtnglpEkg==
  dependencies:
    d3-selection "2 - 3"
    kapsule "^1.16"
    preact "10"

frame-ticker@1:
  version "1.0.3"
  resolved "https://registry.npmmirror.com/frame-ticker/-/frame-ticker-1.0.3.tgz"
  integrity sha512-E0X2u2JIvbEMrqEg5+4BpTqaD22OwojJI63K7MdKHdncjtAhGRbCR8nJCr2vwEt9NWBPCPcu70X9smPviEBy8Q==
  dependencies:
    simplesignal "^2.1.6"

globe.gl@^2.46.1:
  version "2.46.1"
  resolved "https://registry.npmmirror.com/globe.gl/-/globe.gl-2.46.1.tgz"
  integrity sha512-h+OvX52EBIPLtM0/2JkM+JZ9gPAhPJ4y3+hxUwD5Ey/O0Zk2ockuTiJ71bZbnNBGmNiIZzA5Vr3TMT0b3d35IQ==
  dependencies:
    "@tweenjs/tween.js" "18 - 25"
    accessor-fn "1"
    kapsule "^1.16"
    three ">=0.179 <1"
    three-globe "^2.45"
    three-render-objects "^1.41"

h3-js@4:
  version "4.5.0"
  resolved "https://registry.npmmirror.com/h3-js/-/h3-js-4.5.0.tgz"
  integrity sha512-uKmdPc+DuarnR+XqZxEuWOMw7KzzKROrx3MLeJpFnMOs78S9M5eZ+X5RieS9UcSFQqbeXzbfWuX/W9Pyajinqw==

hookable@^5.5.3:
  version "5.5.3"
  resolved "https://registry.npmmirror.com/hookable/-/hookable-5.5.3.tgz"
  integrity sha512-Yc+BQe8SvoXH1643Qez1zqLRmbA5rCL+sSmk6TVos0LWVfNIB7PGncdlId77WzLGSIB5KaWgTaNTs2lNVEI6VQ==

html2canvas@^1.4.1:
  version "1.4.1"
  resolved "https://registry.npmmirror.com/html2canvas/-/html2canvas-1.4.1.tgz"
  integrity sha512-fPU6BHNpsyIhr8yyMpTLLxAbkaK8ArIBcmZIRiBLiDhjeqvXolaEmDGmELFuX9I4xDcaKKcJl+TKZLqruBbmWA==
  dependencies:
    css-line-break "^2.1.0"
    text-segmentation "^1.0.3"

index-array-by@1:
  version "1.4.2"
  resolved "https://registry.npmmirror.com/index-array-by/-/index-array-by-1.4.2.tgz"
  integrity sha512-SP23P27OUKzXWEC/TOyWlwLviofQkCSCKONnc62eItjp69yCZZPqDQtr3Pw5gJDnPeUMqExmKydNZaJO0FU9pw==

"internmap@1 - 2":
  version "2.0.3"
  resolved "https://registry.npmmirror.com/internmap/-/internmap-2.0.3.tgz"
  integrity sha512-5Hh7Y1wQbvY5ooGgPbDaL5iYLAPzMTUrjMulskHLH6wnv/A+1q5rgEaiuqEjB+oxGXIVZs1FF+R/KPN3ZSQYYg==

is-what@^5.2.0:
  version "5.5.0"
  resolved "https://registry.npmmirror.com/is-what/-/is-what-5.5.0.tgz"
  integrity sha512-oG7cgbmg5kLYae2N5IVd3jm2s+vldjxJzK1pcu9LfpGuQ93MQSzo0okvRna+7y5ifrD+20FE8FvjusyGaz14fw==

kapsule@^1.16:
  version "1.16.3"
  resolved "https://registry.npmmirror.com/kapsule/-/kapsule-1.16.3.tgz"
  integrity sha512-4+5mNNf4vZDSwPhKprKwz3330iisPrb08JyMgbsdFrimBCKNHecua/WBwvVg3n7vwx0C1ARjfhwIpbrbd9n5wg==
  dependencies:
    lodash-es "4"

lightningcss-win32-x64-msvc@1.32.0:
  version "1.32.0"
  resolved "https://registry.npmmirror.com/lightningcss-win32-x64-msvc/-/lightningcss-win32-x64-msvc-1.32.0.tgz"
  integrity sha512-Amq9B/SoZYdDi1kFrojnoqPLxYhQ4Wo5XiL8EVJrVsB8ARoC1PWW6VGtT0WKCemjy8aC+louJnjS7U18x3b06Q==

lightningcss@^1.32.0:
  version "1.32.0"
  resolved "https://registry.npmmirror.com/lightningcss/-/lightningcss-1.32.0.tgz"
  integrity sha512-NXYBzinNrblfraPGyrbPoD19C1h9lfI/1mzgWYvXUTe414Gz/X1FD2XBZSZM7rRTrMA8JL3OtAaGifrIKhQ5yQ==
  dependencies:
    detect-libc "^2.0.3"
  optionalDependencies:
    lightningcss-android-arm64 "1.32.0"
    lightningcss-darwin-arm64 "1.32.0"
    lightningcss-darwin-x64 "1.32.0"
    lightningcss-freebsd-x64 "1.32.0"
    lightningcss-linux-arm-gnueabihf "1.32.0"
    lightningcss-linux-arm64-gnu "1.32.0"
    lightningcss-linux-arm64-musl "1.32.0"
    lightningcss-linux-x64-gnu "1.32.0"
    lightningcss-linux-x64-musl "1.32.0"
    lightningcss-win32-arm64-msvc "1.32.0"
    lightningcss-win32-x64-msvc "1.32.0"

lodash-es@*, lodash-es@^4.18.1, lodash-es@4:
  version "4.18.1"
  resolved "https://registry.npmmirror.com/lodash-es/-/lodash-es-4.18.1.tgz"
  integrity sha512-J8xewKD/Gk22OZbhpOVSwcs60zhd95ESDwezOFuA3/099925PdHJ7OFHNTGtajL3AlZkykD32HykiMo+BIBI8A==

lodash-unified@^1.0.3:
  version "1.0.3"
  resolved "https://registry.npmmirror.com/lodash-unified/-/lodash-unified-1.0.3.tgz"
  integrity sha512-WK9qSozxXOD7ZJQlpSqOT+om2ZfcT4yO+03FuzAHD0wF6S0l0090LRPDx3vhTTLZ8cFKpBn+IOcVXK6qOcIlfQ==

lodash@*, lodash@^4.18.1:
  version "4.18.1"
  resolved "https://registry.npmmirror.com/lodash/-/lodash-4.18.1.tgz"
  integrity sha512-dMInicTPVE8d1e5otfwmmjlxkZoUpiVLwyeTdUsi/Caj/gfzzblBcCE5sRHV/AsjuCmxWrte2TNGSYuCeCq+0Q==

magic-string@^0.30.21:
  version "0.30.21"
  resolved "https://registry.npmmirror.com/magic-string/-/magic-string-0.30.21.tgz"
  integrity sha512-vd2F4YUyEXKGcLHoq+TEyCjxueSeHnFxyyjNp80yg0XV4vUhnDer/lvvlqM/arB5bXQN5K2/3oinyCRyx8T2CQ==
  dependencies:
    "@jridgewell/sourcemap-codec" "^1.5.5"

memoize-one@^6.0.0:
  version "6.0.0"
  resolved "https://registry.npmmirror.com/memoize-one/-/memoize-one-6.0.0.tgz"
  integrity sha512-rkpe71W0N0c0Xz6QD0eJETuWAJGnJ9afsl1srmwPrI+yBCkge5EycXXbYRyvL29zZVUWQCY7InPRCv3GDXuZNw==

mitt@^3.0.1:
  version "3.0.1"
  resolved "https://registry.npmmirror.com/mitt/-/mitt-3.0.1.tgz"
  integrity sha512-vKivATfr97l2/QBCYAkXYDbrIWPM2IIKEl7YPhjCvKlG3kE2gm+uBo6nEXK3M5/Ffh/FLpKExzOQ3JJoJGFKBw==

nanoid@^3.3.12:
  version "3.3.13"
  resolved "https://registry.npmmirror.com/nanoid/-/nanoid-3.3.13.tgz"
  integrity sha512-sPdqC6ByMVVGvF1ynvvMo0/o+oD1VX7DaHhijt1bFgjvBkHBib4t49GoNDhf2NDta4oeUNlaGbSt5K7qjZ955Q==

normalize-wheel-es@^1.2.0:
  version "1.2.0"
  resolved "https://registry.npmmirror.com/normalize-wheel-es/-/normalize-wheel-es-1.2.0.tgz"
  integrity sha512-Wj7+EJQ8mSuXr2iWfnujrimU35R2W4FAErEyTmJoJ7ucwTn2hOUSsRehMb5RSYkxXGTM7Y9QpvPmp++w5ftoJw==

perfect-debounce@^1.0.0:
  version "1.0.0"
  resolved "https://registry.npmmirror.com/perfect-debounce/-/perfect-debounce-1.0.0.tgz"
  integrity sha512-xCy9V055GLEqoFaHoC1SoLIaLmWctgCUaBaWxDZ7/Zx4CTyX7cJQLJOok/orfjZAh9kEYpjJa4d0KcJmCbctZA==

picocolors@^1.1.1:
  version "1.1.1"
  resolved "https://registry.npmmirror.com/picocolors/-/picocolors-1.1.1.tgz"
  integrity sha512-xceH2snhtb5M9liqDsmEw56le376mTZkEX/jEb/RxNFyegNul7eNslCXP9FDj/Lcu0X8KEyMceP2ntpaHrDEVA==

"picomatch@^3 || ^4", picomatch@^4.0.4:
  version "4.0.4"
  resolved "https://registry.npmmirror.com/picomatch/-/picomatch-4.0.4.tgz"
  integrity sha512-QP88BAKvMam/3NxH6vj2o21R6MjxZUAd6nlwAS/pnGvN9IVLocLHxGYIzFhg6fUQ+5th6P4dv4eW9jX3DSIj7A==

pinia-plugin-persistedstate@^4.7.1:
  version "4.7.1"
  resolved "https://registry.npmmirror.com/pinia-plugin-persistedstate/-/pinia-plugin-persistedstate-4.7.1.tgz"
  integrity sha512-WHOqh2esDlR3eAaknPbqXrkkj0D24h8shrDPqysgCFR6ghqP/fpFfJmMPJp0gETHsvrh9YNNg6dQfo2OEtDnIQ==
  dependencies:
    defu "^6.1.4"

pinia@^3.0.4, pinia@>=3.0.0:
  version "3.0.4"
  resolved "https://registry.npmmirror.com/pinia/-/pinia-3.0.4.tgz"
  integrity sha512-l7pqLUFTI/+ESXn6k3nu30ZIzW5E2WZF/LaHJEpoq6ElcLD+wduZoB2kBN19du6K/4FDpPMazY2wJr+IndBtQw==
  dependencies:
    "@vue/devtools-api" "^7.7.7"

pinyin-pro@^3.28.1:
  version "3.28.1"
  resolved "https://registry.npmmirror.com/pinyin-pro/-/pinyin-pro-3.28.1.tgz"
  integrity sha512-oqz8ulwRgtUXRi0vbqEfGNly19zpyCxYrjhkk5TibGcgSW6eNwS5woajCXRwqURi8Ehc2yOFTiB4uNoZ+NJOnA==

point-in-polygon-hao@^1.1.0:
  version "1.2.4"
  resolved "https://registry.npmmirror.com/point-in-polygon-hao/-/point-in-polygon-hao-1.2.4.tgz"
  integrity sha512-x2pcvXeqhRHlNRdhLs/tgFapAbSSe86wa/eqmj1G6pWftbEs5aVRJhRGM6FYSUERKu0PjekJzMq0gsI2XyiclQ==
  dependencies:
    robust-predicates "^3.0.2"

polished@4:
  version "4.3.1"
  resolved "https://registry.npmmirror.com/polished/-/polished-4.3.1.tgz"
  integrity sha512-OBatVyC/N7SCW/FaDHrSd+vn0o5cS855TOmYi4OkdWUMSJCET/xip//ch8xGUvtr3i44X9LVyWwQlRMTN3pwSA==
  dependencies:
    "@babel/runtime" "^7.17.8"

postcss@^8.5.15:
  version "8.5.15"
  resolved "https://registry.npmmirror.com/postcss/-/postcss-8.5.15.tgz"
  integrity sha512-FfR8sjd4em2T6fb3I2MwAJU7HWVMr9zba+enmQeeWFfCbm+UOC/0X4DS8XtpUTMwWMGbjKYP7xjfNekzyGmB3A==
  dependencies:
    nanoid "^3.3.12"
    picocolors "^1.1.1"
    source-map-js "^1.2.1"

preact@10:
  version "10.29.8"
  resolved "https://registry.npmmirror.com/preact/-/preact-10.29.8.tgz"
  integrity sha512-ej2aVZ+vZ8WO7tvlQWRM9N63A0KzF9q4mWJfDUHgYaIofWY9hu74QdnQrjoPMmZi2/nZ5gN0bJCQF49xQqx09Q==

rfdc@^1.4.1:
  version "1.4.1"
  resolved "https://registry.npmmirror.com/rfdc/-/rfdc-1.4.1.tgz"
  integrity sha512-q1b3N5QkRUWUl7iyylaaj3kOpIT0N2i9MqIEQXP73GVsN9cw3fdx8X63cEmWhJGi2PPCF23Ijp7ktmd39rawIA==

robust-predicates@^3.0.2:
  version "3.0.3"
  resolved "https://registry.npmmirror.com/robust-predicates/-/robust-predicates-3.0.3.tgz"
  integrity sha512-NS3levdsRIUOmiJ8FZWCP7LG3QpJyrs/TE0Zpf1yvZu8cAJJ6QMW92H1c7kWpdIHo8RvmLxN/o2JXTKHp74lUA==

rolldown@1.0.3:
  version "1.0.3"
  resolved "https://registry.npmmirror.com/rolldown/-/rolldown-1.0.3.tgz"
  integrity sha512-i00lAJ2ks1BYr7rjNjKC7BcqAS7nVfiT3QX1SI5aY+AFHblCmaUf9OE9dbdzDvW6dJxbi2ZCZiy9v3CcwOiX3g==
  dependencies:
    "@oxc-project/types" "=0.133.0"
    "@rolldown/pluginutils" "^1.0.0"
  optionalDependencies:
    "@rolldown/binding-android-arm64" "1.0.3"
    "@rolldown/binding-darwin-arm64" "1.0.3"
    "@rolldown/binding-darwin-x64" "1.0.3"
    "@rolldown/binding-freebsd-x64" "1.0.3"
    "@rolldown/binding-linux-arm-gnueabihf" "1.0.3"
    "@rolldown/binding-linux-arm64-gnu" "1.0.3"
    "@rolldown/binding-linux-arm64-musl" "1.0.3"
    "@rolldown/binding-linux-ppc64-gnu" "1.0.3"
    "@rolldown/binding-linux-s390x-gnu" "1.0.3"
    "@rolldown/binding-linux-x64-gnu" "1.0.3"
    "@rolldown/binding-linux-x64-musl" "1.0.3"
    "@rolldown/binding-openharmony-arm64" "1.0.3"
    "@rolldown/binding-wasm32-wasi" "1.0.3"
    "@rolldown/binding-win32-arm64-msvc" "1.0.3"
    "@rolldown/binding-win32-x64-msvc" "1.0.3"

simplesignal@^2.1.6:
  version "2.1.7"
  resolved "https://registry.npmmirror.com/simplesignal/-/simplesignal-2.1.7.tgz"
  integrity sha512-PEo2qWpUke7IMhlqiBxrulIFvhJRLkl1ih52Rwa+bPjzhJepcd4GIjn2RiQmFSx3dQvsEAgF0/lXMwMN7vODaA==

source-map-js@^1.2.1:
  version "1.2.1"
  resolved "https://registry.npmmirror.com/source-map-js/-/source-map-js-1.2.1.tgz"
  integrity sha512-UXWMKhLOwVKb728IUtQPXxfYU+usdybtUrK/8uGE8CQMvrhOpwvzDBwj0QhSL7MQc7vIsISBG8VQ8+IDQxpfQA==

speakingurl@^14.0.1:
  version "14.0.1"
  resolved "https://registry.npmmirror.com/speakingurl/-/speakingurl-14.0.1.tgz"
  integrity sha512-1POYv7uv2gXoyGFpBCmpDVSNV74IfsWlDW216UPjbWufNf+bSU6GdbDsxdcxtfwb4xlI3yxzOTKClUosxARYrQ==

superjson@^2.2.2:
  version "2.2.6"
  resolved "https://registry.npmmirror.com/superjson/-/superjson-2.2.6.tgz"
  integrity sha512-H+ue8Zo4vJmV2nRjpx86P35lzwDT3nItnIsocgumgr0hHMQ+ZGq5vrERg9kJBo5AWGmxZDhzDo+WVIJqkB0cGA==
  dependencies:
    copy-anything "^4"

text-segmentation@^1.0.3:
  version "1.0.3"
  resolved "https://registry.npmmirror.com/text-segmentation/-/text-segmentation-1.0.3.tgz"
  integrity sha512-iOiPUo/BGnZ6+54OsWxZidGCsdU8YbE4PSpdPinp7DeMtUJNJBoJ/ouUSTJjHkh1KntHaltHl/gDs2FC4i5+Nw==
  dependencies:
    utrie "^1.0.2"

three-conic-polygon-geometry@2:
  version "2.1.3"
  resolved "https://registry.npmmirror.com/three-conic-polygon-geometry/-/three-conic-polygon-geometry-2.1.3.tgz"
  integrity sha512-7KYcgd7rYg91L8AnCEddeyhw4qlv9+8NAI0luHq7QGt26icWUGNCsvLyD+u6FPKjP+un3zGBi4JGzqgGpmBSWA==
  dependencies:
    "@turf/boolean-point-in-polygon" "^7.2"
    d3-array "1 - 3"
    d3-geo "1 - 3"
    d3-geo-voronoi "2"
    d3-scale "1 - 4"
    delaunator "5"
    earcut "3"

three-geojson-geometry@2:
  version "2.1.1"
  resolved "https://registry.npmmirror.com/three-geojson-geometry/-/three-geojson-geometry-2.1.1.tgz"
  integrity sha512-dC7bF3ri1goDcihYhzACHOBQqu7YNNazYLa2bSydVIiJUb3jDFojKSy+gNj2pMkqZNSVjssSmdY9zlmnhEpr1w==
  dependencies:
    d3-geo "1 - 3"
    d3-interpolate "1 - 3"
    earcut "3"

three-globe@^2.45:
  version "2.45.2"
  resolved "https://registry.npmmirror.com/three-globe/-/three-globe-2.45.2.tgz"
  integrity sha512-3qJE2LAdyHsUPt02mgMRc+PG3j9kGEA0fUYrwKPGIVtvMR1XjDn9hCXu31AWocdgHOFcXkrRVz7jJZzTIvR0eQ==
  dependencies:
    "@tweenjs/tween.js" "18 - 25"
    accessor-fn "1"
    d3-array "3"
    d3-color "3"
    d3-geo "3"
    d3-interpolate "3"
    d3-scale "4"
    d3-scale-chromatic "3"
    data-bind-mapper "1"
    frame-ticker "1"
    h3-js "4"
    index-array-by "1"
    kapsule "^1.16"
    three-conic-polygon-geometry "2"
    three-geojson-geometry "2"
    three-slippy-map-globe "1"
    tinycolor2 "1"

three-render-objects@^1.41:
  version "1.42.0"
  resolved "https://registry.npmmirror.com/three-render-objects/-/three-render-objects-1.42.0.tgz"
  integrity sha512-KYfkPrYGEbIK8ChFocWqOF1aAN80FBUBWVYB8mB2oBpVuVN+52FvvngVYB5ieFANQu7Rt21rPYZ/xKaAgVWWRQ==
  dependencies:
    "@tweenjs/tween.js" "18 - 25"
    accessor-fn "1"
    float-tooltip "^1.7"
    kapsule "^1.16"
    polished "4"

three-slippy-map-globe@1:
  version "1.0.6"
  resolved "https://registry.npmmirror.com/three-slippy-map-globe/-/three-slippy-map-globe-1.0.6.tgz"
  integrity sha512-PCUR+X+1kYFYtQBf8+b/ct8xBHtnkeu7FItRYBeFxyIe3ksnGuLi0H9RAxAfVSSUsZVbKIKNz9q1atEjynrrkg==
  dependencies:
    d3-geo "1 - 3"
    d3-octree "^1.1"
    d3-scale "1 - 4"

three@>=0.154, three@>=0.179, "three@>=0.179 <1", three@>=0.72.0:
  version "0.185.1"
  resolved "https://registry.npmmirror.com/three/-/three-0.185.1.tgz"
  integrity sha512-5aojFCXKwnjBRZvUnt3WFfEcvUJgkN5LlijRFN95hMy8WVkG4I0QNcJE+OuWvuJ0bOdStrbfXn0pkd6/QyiAlg==

tinycolor2@1:
  version "1.6.0"
  resolved "https://registry.npmmirror.com/tinycolor2/-/tinycolor2-1.6.0.tgz"
  integrity sha512-XPaBkWQJdsf3pLKJV9p4qN/S+fm2Oj8AIPo1BTUhg5oxkvm9+SVEGFdhyOz7tTdUTfvxMiAs4sp6/eZO2Ew+pw==

tinyglobby@^0.2.17:
  version "0.2.17"
  resolved "https://registry.npmmirror.com/tinyglobby/-/tinyglobby-0.2.17.tgz"
  integrity sha512-wXR/dYpcqKmfWpEdZjiKJOwCNFndD0DMnrW/cYjVGttEkBfVgcLFHoNrlj47mjOVic9yyNu65alsgF4NQyTa2g==
  dependencies:
    fdir "^6.5.0"
    picomatch "^4.0.4"

tslib@^2.8.1:
  version "2.8.1"
  resolved "https://registry.npmmirror.com/tslib/-/tslib-2.8.1.tgz"
  integrity sha512-oJFu94HQb+KVduSUQL7wnpmqnfmLsOA/nAh6b6EH0wCEoK0/mPeXU6c3wKDV83MkOuHPRHtSXKKU99IBazS/2w==

tslib@2.3.0:
  version "2.3.0"
  resolved "https://registry.npmmirror.com/tslib/-/tslib-2.3.0.tgz"
  integrity sha512-N82ooyxVNm6h1riLCoyS9e3fuJ3AMG2zIZs2Gd1ATcSFjSA23Q0fzjjZeh0jbJvWVDZ0cJT8yaNNaaXHzueNjg==

utrie@^1.0.2:
  version "1.0.2"
  resolved "https://registry.npmmirror.com/utrie/-/utrie-1.0.2.tgz"
  integrity sha512-1MLa5ouZiOmQzUbjbu9VmjLzn1QLXBhwpUa7kdLUQK+KQ5KA9I1vk5U4YHe/X2Ch7PYnJfWuWT+VbuxbGwljhw==
  dependencies:
    base64-arraybuffer "^1.0.2"

"vite@^5.0.0 || ^6.0.0 || ^7.0.0 || ^8.0.0", vite@^8.0.12:
  version "8.0.16"
  resolved "https://registry.npmmirror.com/vite/-/vite-8.0.16.tgz"
  integrity sha512-h9bXPmJichP5fLmVQo3PyaGSDE2n3aPuomeAlVRm0JLmt4rY6zmPKd59HYI4LNW8oTK7tlTsuC7l/m7awx9Jcw==
  dependencies:
    lightningcss "^1.32.0"
    picomatch "^4.0.4"
    postcss "^8.5.15"
    rolldown "1.0.3"
    tinyglobby "^0.2.17"
  optionalDependencies:
    fsevents "~2.3.3"

vue-component-type-helpers@^3.3.3:
  version "3.3.5"
  resolved "https://registry.npmmirror.com/vue-component-type-helpers/-/vue-component-type-helpers-3.3.5.tgz"
  integrity sha512-Fe1jyPJoUGpJOYKOri44jduR7My4yYINOMJISuMAbmrs+L5LbIDUc8NTWZYY3EJLK0yPLuCmcd5zoCsE4k2/KA==

vue-echarts@^8.0.1:
  version "8.0.1"
  resolved "https://registry.npmmirror.com/vue-echarts/-/vue-echarts-8.0.1.tgz"
  integrity sha512-23rJTFLu1OUEGRWjJGmdGt8fP+8+ja1gVgzMYPIPaHWpXegcO1viIAaeu2H4QHESlVeHzUAHIxKXGrwjsyXAaA==

vue-router@^4.6.4:
  version "4.6.4"
  resolved "https://registry.npmmirror.com/vue-router/-/vue-router-4.6.4.tgz"
  integrity sha512-Hz9q5sa33Yhduglwz6g9skT8OBPii+4bFn88w6J+J4MfEo4KRRpmiNG/hHHkdbRFlLBOqxN8y8gf2Fb0MTUgVg==
  dependencies:
    "@vue/devtools-api" "^6.6.4"

vue@^3.2.0, vue@^3.2.25, vue@^3.3.0, vue@^3.3.7, vue@^3.5.0, vue@^3.5.11, vue@^3.5.34, vue@3.5.38:
  version "3.5.38"
  resolved "https://registry.npmmirror.com/vue/-/vue-3.5.38.tgz"
  integrity sha512-vAMKHfImQlYSy0C+PBue4s3ERZ2xGKfgZg5GXAsLInq1dyh2H78ILVP5sK0KPFPVW4kv+OGCIvBEondcjpZp7A==
  dependencies:
    "@vue/compiler-dom" "3.5.38"
    "@vue/compiler-sfc" "3.5.38"
    "@vue/runtime-dom" "3.5.38"
    "@vue/server-renderer" "3.5.38"
    "@vue/shared" "3.5.38"

zrender@6.1.0:
  version "6.1.0"
  resolved "https://registry.npmmirror.com/zrender/-/zrender-6.1.0.tgz"
  integrity sha512-oEGMDB6pOP2S6OwRR4PdVv610zrjnA3Bh+JnSG12fYJlBKjtNAoEb5fSUoCOOINlH96I2fU38/A2UpRKs67xYQ==
  dependencies:
    tslib "2.3.0"
